
Microsoft Visual Studio Solution File, Format Version 11.00
# Visual Studio 2010
Project("{8BC9CEB8-8B4A-11D0-8D11-00A0C91BC942}") = "Simple_Ferm_Chamber", "Simple_Ferm_Chamber.vcxproj", "{3161687C-2A7F-4DB1-86A5-4675D0FEE86D}"
EndProject
Global
	GlobalSection(SolutionConfigurationPlatforms) = preSolution
		Debug|Win32 = Debug|Win32
		NoDebugStatements|Win32 = NoDebugStatements|Win32
		Release|Win32 = Release|Win32
	EndGlobalSection
	GlobalSection(ProjectConfigurationPlatforms) = postSolution
		{3161687C-2A7F-4DB1-86A5-4675D0FEE86D}.Debug|Win32.ActiveCfg = Debug|Win32
		{3161687C-2A7F-4DB1-86A5-4675D0FEE86D}.Debug|Win32.Build.0 = Debug|Win32
		{3161687C-2A7F-4DB1-86A5-4675D0FEE86D}.NoDebugStatements|Win32.ActiveCfg = NoDebugStatements|Win32
		{3161687C-2A7F-4DB1-86A5-4675D0FEE86D}.NoDebugStatements|Win32.Build.0 = NoDebugStatements|Win32
		{3161687C-2A7F-4DB1-86A5-4675D0FEE86D}.Release|Win32.ActiveCfg = Release|Win32
		{3161687C-2A7F-4DB1-86A5-4675D0FEE86D}.Release|Win32.Build.0 = Release|Win32
	EndGlobalSection
	GlobalSection(SolutionProperties) = preSolution
		HideSolutionNode = FALSE
	EndGlobalSection
EndGlobal
